
Microsoft Visual Studio Solution File, Format Version 12.00
# Visual Studio 15
VisualStudioVersion = 15.0.27703.2000
MinimumVisualStudioVersion = 10.0.40219.1
Project("{FAE04EC0-301F-11D3-BF4B-00C04F79EFBC}") = "microservices_complexus", "microservices_complexus\microservices_complexus.csproj", "{D5A9C894-94AA-4DA7-AA52-BAF2517E27DB}"
EndProject
Project("{FAE04EC0-301F-11D3-BF4B-00C04F79EFBC}") = "vehicle_data_access", "vehicle_data_access\vehicle_data_access.csproj", "{4294D3C2-7482-4500-8151-BE2FB4C1EA42}"
EndProject
Project("{FAE04EC0-301F-11D3-BF4B-00C04F79EFBC}") = "contact_manager_data_access", "contact_manager\contact_manager_data_access.csproj", "{B33E9FD3-BB74-4026-9CF1-C590947721DF}"
EndProject
Global
	GlobalSection(SolutionConfigurationPlatforms) = preSolution
		Debug|Any CPU = Debug|Any CPU
		Release|Any CPU = Release|Any CPU
	EndGlobalSection
	GlobalSection(ProjectConfigurationPlatforms) = postSolution
		{D5A9C894-94AA-4DA7-AA52-BAF2517E27DB}.Debug|Any CPU.ActiveCfg = Debug|Any CPU
		{D5A9C894-94AA-4DA7-AA52-BAF2517E27DB}.Debug|Any CPU.Build.0 = Debug|Any CPU
		{D5A9C894-94AA-4DA7-AA52-BAF2517E27DB}.Release|Any CPU.ActiveCfg = Release|Any CPU
		{D5A9C894-94AA-4DA7-AA52-BAF2517E27DB}.Release|Any CPU.Build.0 = Release|Any CPU
		{4294D3C2-7482-4500-8151-BE2FB4C1EA42}.Debug|Any CPU.ActiveCfg = Debug|Any CPU
		{4294D3C2-7482-4500-8151-BE2FB4C1EA42}.Debug|Any CPU.Build.0 = Debug|Any CPU
		{4294D3C2-7482-4500-8151-BE2FB4C1EA42}.Release|Any CPU.ActiveCfg = Release|Any CPU
		{4294D3C2-7482-4500-8151-BE2FB4C1EA42}.Release|Any CPU.Build.0 = Release|Any CPU
		{B33E9FD3-BB74-4026-9CF1-C590947721DF}.Debug|Any CPU.ActiveCfg = Debug|Any CPU
		{B33E9FD3-BB74-4026-9CF1-C590947721DF}.Debug|Any CPU.Build.0 = Debug|Any CPU
		{B33E9FD3-BB74-4026-9CF1-C590947721DF}.Release|Any CPU.ActiveCfg = Release|Any CPU
		{B33E9FD3-BB74-4026-9CF1-C590947721DF}.Release|Any CPU.Build.0 = Release|Any CPU
	EndGlobalSection
	GlobalSection(SolutionProperties) = preSolution
		HideSolutionNode = FALSE
	EndGlobalSection
	GlobalSection(ExtensibilityGlobals) = postSolution
		SolutionGuid = {4012EA07-FA22-4979-8E57-B3086BA9BB4B}
	EndGlobalSection
EndGlobal
